version = 1
revision = 1
requires-python = ">=3.7"
resolution-markers = [
    "python_full_version >= '3.9'",
    "python_full_version == '3.8.*'",
    "python_full_version < '3.8'",
]

[[package]]
name = "ids-toolkit"
version = "1.2.5"
source = { editable = "." }
dependencies = [
    { name = "pyarrow", version = "12.0.1", source = { registry = "https://pypi.org/simple" }, marker = "python_full_version < '3.8'" },
    { name = "pyarrow", version = "17.0.0", source = { registry = "https://pypi.org/simple" }, marker = "python_full_version == '3.8.*'" },
    { name = "pyarrow", version = "19.0.1", source = { registry = "https://pypi.org/simple" }, marker = "python_full_version >= '3.9'" },
]

[package.metadata]
requires-dist = [{ name = "pyarrow", specifier = ">=12.0.1" }]

[[package]]
name = "numpy"
version = "1.21.6"
source = { registry = "https://pypi.org/simple" }
resolution-markers = [
    "python_full_version < '3.8'",
]
sdist = { url = "https://files.pythonhosted.org/packages/45/b7/de7b8e67f2232c26af57c205aaad29fe17754f793404f59c8a730c7a191a/numpy-1.21.6.zip", hash = "sha256:ecb55251139706669fdec2ff073c98ef8e9a84473e51e716211b41aa0f18e656", size = 10274544 }
wheels = [
    { url = "https://files.pythonhosted.org/packages/ff/c6/05ae3c7f75b596e1bb3d78131c331eada9376a03d1af9801bd40e4675023/numpy-1.21.6-cp310-cp310-macosx_10_9_universal2.whl", hash = "sha256:8737609c3bbdd48e380d463134a35ffad3b22dc56295eff6f79fd85bd0eeeb25", size = 27203123 },
    { url = "https://files.pythonhosted.org/packages/4a/72/a3379f83172f1431d7949138373e3a24beed68184c9362dab1b4d465be26/numpy-1.21.6-cp310-cp310-macosx_10_9_x86_64.whl", hash = "sha256:fdffbfb6832cd0b300995a2b08b8f6fa9f6e856d562800fea9182316d99c4e8e", size = 16965603 },
    { url = "https://files.pythonhosted.org/packages/26/e7/4a6f579af8186372b03e8480e47df309520d91cfead8759b64dd5ac62688/numpy-1.21.6-cp310-cp310-macosx_11_0_arm64.whl", hash = "sha256:3820724272f9913b597ccd13a467cc492a0da6b05df26ea09e78b171a0bb9da6", size = 12364595 },
    { url = "https://files.pythonhosted.org/packages/57/ba/d8cbdfd507b541bb247beff24d9d7304ac8ffc379cf585701187d45d4512/numpy-1.21.6-cp310-cp310-manylinux_2_17_aarch64.manylinux2014_aarch64.whl", hash = "sha256:f17e562de9edf691a42ddb1eb4a5541c20dd3f9e65b09ded2beb0799c0cf29bb", size = 13019278 },
    { url = "https://files.pythonhosted.org/packages/6f/7b/036000a55680e6c7eb81502b0aa27ce0ed65d4d8805613909967d9f8baf6/numpy-1.21.6-cp310-cp310-manylinux_2_17_x86_64.manylinux2014_x86_64.whl", hash = "sha256:5f30427731561ce75d7048ac254dbe47a2ba576229250fb60f0fb74db96501a1", size = 15906004 },
    { url = "https://files.pythonhosted.org/packages/b0/77/ff8bbe56ff6cbbdbdb8a641c67cee61e29b2e8bfbb18732c2e1d2961fe4d/numpy-1.21.6-cp310-cp310-win32.whl", hash = "sha256:d4bf4d43077db55589ffc9009c0ba0a94fa4908b9586d6ccce2e0b164c86303c", size = 11706182 },
    { url = "https://files.pythonhosted.org/packages/ec/03/93702ca9c4bd61791e46c80ff1f24943febb2317484cf7e8207688bbbd95/numpy-1.21.6-cp310-cp310-win_amd64.whl", hash = "sha256:d136337ae3cc69aa5e447e78d8e1514be8c3ec9b54264e680cf0b4bd9011574f", size = 14008913 },
    { url = "https://files.pythonhosted.org/packages/32/dd/43d8b2b2ebf424f6555271a4c9f5b50dc3cc0aafa66c72b4d36863f71358/numpy-1.21.6-cp37-cp37m-macosx_10_9_x86_64.whl", hash = "sha256:6aaf96c7f8cebc220cdfc03f1d5a31952f027dda050e5a703a0d1c396075e3e7", size = 16894122 },
    { url = "https://files.pythonhosted.org/packages/06/78/b184f13f5461812a17a90b380d70a93fa3532460f0af9d72b0d93d8bc4ff/numpy-1.21.6-cp37-cp37m-manylinux_2_12_i686.manylinux2010_i686.whl", hash = "sha256:67c261d6c0a9981820c3a149d255a76918278a6b03b6a036800359aba1256d46", size = 13670697 },
    { url = "https://files.pythonhosted.org/packages/6d/ad/ff3b21ebfe79a4d25b4a4f8e5cf9fd44a204adb6b33c09010f566f51027a/numpy-1.21.6-cp37-cp37m-manylinux_2_12_x86_64.manylinux2010_x86_64.whl", hash = "sha256:a6be4cb0ef3b8c9250c19cc122267263093eee7edd4e3fa75395dfda8c17a8e2", size = 15702369 },
    { url = "https://files.pythonhosted.org/packages/b7/0d/86662f93102e42545cdf031da4fddf0ace9030ec67478932a628afc5973b/numpy-1.21.6-cp37-cp37m-manylinux_2_17_aarch64.manylinux2014_aarch64.whl", hash = "sha256:7c4068a8c44014b2d55f3c3f574c376b2494ca9cc73d2f1bd692382b6dffe3db", size = 12974170 },
    { url = "https://files.pythonhosted.org/packages/cd/eb/f6f3258e7b0e0cc5c327778312bf4ee4978c8514aa28e97119ee206f6e60/numpy-1.21.6-cp37-cp37m-win32.whl", hash = "sha256:7c7e5fa88d9ff656e067876e4736379cc962d185d5cd808014a8a928d529ef4e", size = 11680505 },
    { url = "https://files.pythonhosted.org/packages/97/9f/da37cc4a188a1d5d203d65ab28d6504e17594b5342e0c1dc5610ee6f4535/numpy-1.21.6-cp37-cp37m-win_amd64.whl", hash = "sha256:bcb238c9c96c00d3085b264e5c1a1207672577b93fa666c3b14a45240b14123a", size = 13969236 },
    { url = "https://files.pythonhosted.org/packages/b5/e2/b2df1f664d644e690b40179fc0a07c163c6decf986c7adee8a85a094e8ce/numpy-1.21.6-cp38-cp38-macosx_10_9_universal2.whl", hash = "sha256:82691fda7c3f77c90e62da69ae60b5ac08e87e775b09813559f8901a88266552", size = 27127297 },
    { url = "https://files.pythonhosted.org/packages/5b/d4/be63d2bed7d10f443dee42469623326b6bc51c9e5cd096ebb7227bca456f/numpy-1.21.6-cp38-cp38-macosx_10_9_x86_64.whl", hash = "sha256:643843bcc1c50526b3a71cd2ee561cf0d8773f062c8cbaf9ffac9fdf573f83ab", size = 16926225 },
    { url = "https://files.pythonhosted.org/packages/0d/21/036363516c06737135ee58741e9c0af4899348ce3c5f5e04379240edd090/numpy-1.21.6-cp38-cp38-macosx_11_0_arm64.whl", hash = "sha256:357768c2e4451ac241465157a3e929b265dfac85d9214074985b1786244f2ef3", size = 12329630 },
    { url = "https://files.pythonhosted.org/packages/6a/52/a1dcf14b8e81d49c14112663290ee2ed545bd04988170138284a613bd926/numpy-1.21.6-cp38-cp38-manylinux_2_12_i686.manylinux2010_i686.whl", hash = "sha256:9f411b2c3f3d76bba0865b35a425157c5dcf54937f82bbeb3d3c180789dd66a6", size = 13719672 },
    { url = "https://files.pythonhosted.org/packages/d5/43/e88bb1fb7d040ae8e0e06e749341b13f57701aab11fe9d71c99af6202c5c/numpy-1.21.6-cp38-cp38-manylinux_2_12_x86_64.manylinux2010_x86_64.whl", hash = "sha256:4aa48afdce4660b0076a00d80afa54e8a97cd49f457d68a4342d188a09451c1a", size = 15749422 },
    { url = "https://files.pythonhosted.org/packages/86/c7/3f68d0a8dcc9458879c614707e6ffaf64a108664cfbba9702d3ba7ca4c82/numpy-1.21.6-cp38-cp38-manylinux_2_17_aarch64.manylinux2014_aarch64.whl", hash = "sha256:d6a96eef20f639e6a97d23e57dd0c1b1069a7b4fd7027482a4c5c451cd7732f4", size = 13026205 },
    { url = "https://files.pythonhosted.org/packages/6f/47/453023bd298f8b0be092d8a8bdd4b21f87a8c639ecb724a94cd75e23d216/numpy-1.21.6-cp38-cp38-win32.whl", hash = "sha256:5c3c8def4230e1b959671eb959083661b4a0d2e9af93ee339c7dada6759a9470", size = 11707551 },
    { url = "https://files.pythonhosted.org/packages/48/5f/db4550e1c68206814a577ebd92c0dd082f3628fd7fc96725d44a521b0c92/numpy-1.21.6-cp38-cp38-win_amd64.whl", hash = "sha256:bf2ec4b75d0e9356edea834d1de42b31fe11f726a81dfb2c2112bc1eaa508fcf", size = 14009785 },
    { url = "https://files.pythonhosted.org/packages/83/eb/a6a0d7fc8e718776c5c710692ea027607104710cba813c4b869182179334/numpy-1.21.6-cp39-cp39-macosx_10_9_universal2.whl", hash = "sha256:4391bd07606be175aafd267ef9bea87cf1b8210c787666ce82073b05f202add1", size = 27202394 },
    { url = "https://files.pythonhosted.org/packages/4c/62/07402945bd5d5cf515a5f0cbc7263abf02ec0ddf3b19fbdc4af7537cd4d0/numpy-1.21.6-cp39-cp39-macosx_10_9_x86_64.whl", hash = "sha256:67f21981ba2f9d7ba9ade60c9e8cbaa8cf8e9ae51673934480e45cf55e953673", size = 16965163 },
    { url = "https://files.pythonhosted.org/packages/44/56/041e886b4a8da813b7ec297c270fb3582d2ae8b7f33e106eb5c7a5e9184c/numpy-1.21.6-cp39-cp39-macosx_11_0_arm64.whl", hash = "sha256:ee5ec40fdd06d62fe5d4084bef4fd50fd4bb6bfd2bf519365f569dc470163ab0", size = 12364236 },
    { url = "https://files.pythonhosted.org/packages/61/f4/f01a8989e53a437ad660ab86c91514bec3d5067393e4a844b259f5a103de/numpy-1.21.6-cp39-cp39-manylinux_2_12_i686.manylinux2010_i686.whl", hash = "sha256:1dbe1c91269f880e364526649a52eff93ac30035507ae980d2fed33aaee633ac", size = 13721583 },
    { url = "https://files.pythonhosted.org/packages/e7/f2/0bdcf2c40ef144cbbc9e0947eea831a145a98b0e5f8438fc09cf7fda0b35/numpy-1.21.6-cp39-cp39-manylinux_2_12_x86_64.manylinux2010_x86_64.whl", hash = "sha256:d9caa9d5e682102453d96a0ee10c7241b72859b01a941a397fd965f23b3e016b", size = 15734025 },
    { url = "https://files.pythonhosted.org/packages/76/7f/830cf169eede1b855538f962e3a70c31755db6423652695b813ed04ff54e/numpy-1.21.6-cp39-cp39-manylinux_2_17_aarch64.manylinux2014_aarch64.whl", hash = "sha256:58459d3bad03343ac4b1b42ed14d571b8743dc80ccbf27444f266729df1d6f5b", size = 13020515 },
    { url = "https://files.pythonhosted.org/packages/1b/b5/7178d5a22427a9195ac69d6ec150415734f7a7a19d1142f82b89ead1dac4/numpy-1.21.6-cp39-cp39-win32.whl", hash = "sha256:7f5ae4f304257569ef3b948810816bc87c9146e8c446053539947eedeaa32786", size = 11706846 },
    { url = "https://files.pythonhosted.org/packages/4d/04/bcd62448f2e772bc90a73ba21bacaa19817ae9905ae639969462862bd071/numpy-1.21.6-cp39-cp39-win_amd64.whl", hash = "sha256:e31f0bb5928b793169b87e3d1e070f2342b22d5245c755e2b81caa29756246c3", size = 14008965 },
    { url = "https://files.pythonhosted.org/packages/2e/5a/6f3e280a10de48395053a559bfcb3b2221b74b57d062c1d6307fc965f549/numpy-1.21.6-pp37-pypy37_pp73-manylinux_2_12_x86_64.manylinux2010_x86_64.whl", hash = "sha256:dd1c8f6bd65d07d3810b90d02eba7997e32abbdf1277a481d698969e921a3be0", size = 15159527 },
]

[[package]]
name = "numpy"
version = "1.24.4"
source = { registry = "https://pypi.org/simple" }
resolution-markers = [
    "python_full_version == '3.8.*'",
]
sdist = { url = "https://files.pythonhosted.org/packages/a4/9b/027bec52c633f6556dba6b722d9a0befb40498b9ceddd29cbe67a45a127c/numpy-1.24.4.tar.gz", hash = "sha256:80f5e3a4e498641401868df4208b74581206afbee7cf7b8329daae82676d9463", size = 10911229 }
wheels = [
    { url = "https://files.pythonhosted.org/packages/6b/80/6cdfb3e275d95155a34659163b83c09e3a3ff9f1456880bec6cc63d71083/numpy-1.24.4-cp310-cp310-macosx_10_9_x86_64.whl", hash = "sha256:c0bfb52d2169d58c1cdb8cc1f16989101639b34c7d3ce60ed70b19c63eba0b64", size = 19789140 },
    { url = "https://files.pythonhosted.org/packages/64/5f/3f01d753e2175cfade1013eea08db99ba1ee4bdb147ebcf3623b75d12aa7/numpy-1.24.4-cp310-cp310-macosx_11_0_arm64.whl", hash = "sha256:ed094d4f0c177b1b8e7aa9cba7d6ceed51c0e569a5318ac0ca9a090680a6a1b1", size = 13854297 },
    { url = "https://files.pythonhosted.org/packages/5a/b3/2f9c21d799fa07053ffa151faccdceeb69beec5a010576b8991f614021f7/numpy-1.24.4-cp310-cp310-manylinux_2_17_aarch64.manylinux2014_aarch64.whl", hash = "sha256:79fc682a374c4a8ed08b331bef9c5f582585d1048fa6d80bc6c35bc384eee9b4", size = 13995611 },
    { url = "https://files.pythonhosted.org/packages/10/be/ae5bf4737cb79ba437879915791f6f26d92583c738d7d960ad94e5c36adf/numpy-1.24.4-cp310-cp310-manylinux_2_17_x86_64.manylinux2014_x86_64.whl", hash = "sha256:7ffe43c74893dbf38c2b0a1f5428760a1a9c98285553c89e12d70a96a7f3a4d6", size = 17282357 },
    { url = "https://files.pythonhosted.org/packages/c0/64/908c1087be6285f40e4b3e79454552a701664a079321cff519d8c7051d06/numpy-1.24.4-cp310-cp310-win32.whl", hash = "sha256:4c21decb6ea94057331e111a5bed9a79d335658c27ce2adb580fb4d54f2ad9bc", size = 12429222 },
    { url = "https://files.pythonhosted.org/packages/22/55/3d5a7c1142e0d9329ad27cece17933b0e2ab4e54ddc5c1861fbfeb3f7693/numpy-1.24.4-cp310-cp310-win_amd64.whl", hash = "sha256:b4bea75e47d9586d31e892a7401f76e909712a0fd510f58f5337bea9572c571e", size = 14841514 },
    { url = "https://files.pythonhosted.org/packages/a9/cc/5ed2280a27e5dab12994c884f1f4d8c3bd4d885d02ae9e52a9d213a6a5e2/numpy-1.24.4-cp311-cp311-macosx_10_9_x86_64.whl", hash = "sha256:f136bab9c2cfd8da131132c2cf6cc27331dd6fae65f95f69dcd4ae3c3639c810", size = 19775508 },
    { url = "https://files.pythonhosted.org/packages/c0/bc/77635c657a3668cf652806210b8662e1aff84b818a55ba88257abf6637a8/numpy-1.24.4-cp311-cp311-macosx_11_0_arm64.whl", hash = "sha256:e2926dac25b313635e4d6cf4dc4e51c8c0ebfed60b801c799ffc4c32bf3d1254", size = 13840033 },
    { url = "https://files.pythonhosted.org/packages/a7/4c/96cdaa34f54c05e97c1c50f39f98d608f96f0677a6589e64e53104e22904/numpy-1.24.4-cp311-cp311-manylinux_2_17_aarch64.manylinux2014_aarch64.whl", hash = "sha256:222e40d0e2548690405b0b3c7b21d1169117391c2e82c378467ef9ab4c8f0da7", size = 13991951 },
    { url = "https://files.pythonhosted.org/packages/22/97/dfb1a31bb46686f09e68ea6ac5c63fdee0d22d7b23b8f3f7ea07712869ef/numpy-1.24.4-cp311-cp311-manylinux_2_17_x86_64.manylinux2014_x86_64.whl", hash = "sha256:7215847ce88a85ce39baf9e89070cb860c98fdddacbaa6c0da3ffb31b3350bd5", size = 17278923 },
    { url = "https://files.pythonhosted.org/packages/35/e2/76a11e54139654a324d107da1d98f99e7aa2a7ef97cfd7c631fba7dbde71/numpy-1.24.4-cp311-cp311-win32.whl", hash = "sha256:4979217d7de511a8d57f4b4b5b2b965f707768440c17cb70fbf254c4b225238d", size = 12422446 },
    { url = "https://files.pythonhosted.org/packages/d8/ec/ebef2f7d7c28503f958f0f8b992e7ce606fb74f9e891199329d5f5f87404/numpy-1.24.4-cp311-cp311-win_amd64.whl", hash = "sha256:b7b1fc9864d7d39e28f41d089bfd6353cb5f27ecd9905348c24187a768c79694", size = 14834466 },
    { url = "https://files.pythonhosted.org/packages/11/10/943cfb579f1a02909ff96464c69893b1d25be3731b5d3652c2e0cf1281ea/numpy-1.24.4-cp38-cp38-macosx_10_9_x86_64.whl", hash = "sha256:1452241c290f3e2a312c137a9999cdbf63f78864d63c79039bda65ee86943f61", size = 19780722 },
    { url = "https://files.pythonhosted.org/packages/a7/ae/f53b7b265fdc701e663fbb322a8e9d4b14d9cb7b2385f45ddfabfc4327e4/numpy-1.24.4-cp38-cp38-macosx_11_0_arm64.whl", hash = "sha256:04640dab83f7c6c85abf9cd729c5b65f1ebd0ccf9de90b270cd61935eef0197f", size = 13843102 },
    { url = "https://files.pythonhosted.org/packages/25/6f/2586a50ad72e8dbb1d8381f837008a0321a3516dfd7cb57fc8cf7e4bb06b/numpy-1.24.4-cp38-cp38-manylinux_2_17_aarch64.manylinux2014_aarch64.whl", hash = "sha256:a5425b114831d1e77e4b5d812b69d11d962e104095a5b9c3b641a218abcc050e", size = 14039616 },
    { url = "https://files.pythonhosted.org/packages/98/5d/5738903efe0ecb73e51eb44feafba32bdba2081263d40c5043568ff60faf/numpy-1.24.4-cp38-cp38-manylinux_2_17_x86_64.manylinux2014_x86_64.whl", hash = "sha256:dd80e219fd4c71fc3699fc1dadac5dcf4fd882bfc6f7ec53d30fa197b8ee22dc", size = 17316263 },
    { url = "https://files.pythonhosted.org/packages/d1/57/8d328f0b91c733aa9aa7ee540dbc49b58796c862b4fbcb1146c701e888da/numpy-1.24.4-cp38-cp38-win32.whl", hash = "sha256:4602244f345453db537be5314d3983dbf5834a9701b7723ec28923e2889e0bb2", size = 12455660 },
    { url = "https://files.pythonhosted.org/packages/69/65/0d47953afa0ad569d12de5f65d964321c208492064c38fe3b0b9744f8d44/numpy-1.24.4-cp38-cp38-win_amd64.whl", hash = "sha256:692f2e0f55794943c5bfff12b3f56f99af76f902fc47487bdfe97856de51a706", size = 14868112 },
    { url = "https://files.pythonhosted.org/packages/9a/cd/d5b0402b801c8a8b56b04c1e85c6165efab298d2f0ab741c2406516ede3a/numpy-1.24.4-cp39-cp39-macosx_10_9_x86_64.whl", hash = "sha256:2541312fbf09977f3b3ad449c4e5f4bb55d0dbf79226d7724211acc905049400", size = 19816549 },
    { url = "https://files.pythonhosted.org/packages/14/27/638aaa446f39113a3ed38b37a66243e21b38110d021bfcb940c383e120f2/numpy-1.24.4-cp39-cp39-macosx_11_0_arm64.whl", hash = "sha256:9667575fb6d13c95f1b36aca12c5ee3356bf001b714fc354eb5465ce1609e62f", size = 13879950 },
    { url = "https://files.pythonhosted.org/packages/8f/27/91894916e50627476cff1a4e4363ab6179d01077d71b9afed41d9e1f18bf/numpy-1.24.4-cp39-cp39-manylinux_2_17_aarch64.manylinux2014_aarch64.whl", hash = "sha256:f3a86ed21e4f87050382c7bc96571755193c4c1392490744ac73d660e8f564a9", size = 14030228 },
    { url = "https://files.pythonhosted.org/packages/7a/7c/d7b2a0417af6428440c0ad7cb9799073e507b1a465f827d058b826236964/numpy-1.24.4-cp39-cp39-manylinux_2_17_x86_64.manylinux2014_x86_64.whl", hash = "sha256:d11efb4dbecbdf22508d55e48d9c8384db795e1b7b51ea735289ff96613ff74d", size = 17311170 },
    { url = "https://files.pythonhosted.org/packages/18/9d/e02ace5d7dfccee796c37b995c63322674daf88ae2f4a4724c5dd0afcc91/numpy-1.24.4-cp39-cp39-win32.whl", hash = "sha256:6620c0acd41dbcb368610bb2f4d83145674040025e5536954782467100aa8835", size = 12454918 },
    { url = "https://files.pythonhosted.org/packages/63/38/6cc19d6b8bfa1d1a459daf2b3fe325453153ca7019976274b6f33d8b5663/numpy-1.24.4-cp39-cp39-win_amd64.whl", hash = "sha256:befe2bf740fd8373cf56149a5c23a0f601e82869598d41f8e188a0e9869926f8", size = 14867441 },
    { url = "https://files.pythonhosted.org/packages/a4/fd/8dff40e25e937c94257455c237b9b6bf5a30d42dd1cc11555533be099492/numpy-1.24.4-pp38-pypy38_pp73-macosx_10_9_x86_64.whl", hash = "sha256:31f13e25b4e304632a4619d0e0777662c2ffea99fcae2029556b17d8ff958aef", size = 19156590 },
    { url = "https://files.pythonhosted.org/packages/42/e7/4bf953c6e05df90c6d351af69966384fed8e988d0e8c54dad7103b59f3ba/numpy-1.24.4-pp38-pypy38_pp73-manylinux_2_17_x86_64.manylinux2014_x86_64.whl", hash = "sha256:95f7ac6540e95bc440ad77f56e520da5bf877f87dca58bd095288dce8940532a", size = 16705744 },
    { url = "https://files.pythonhosted.org/packages/fc/dd/9106005eb477d022b60b3817ed5937a43dad8fd1f20b0610ea8a32fcb407/numpy-1.24.4-pp38-pypy38_pp73-win_amd64.whl", hash = "sha256:e98f220aa76ca2a977fe435f5b04d7b3470c0a2e6312907b37ba6068f26787f2", size = 14734290 },
]

[[package]]
name = "pyarrow"
version = "12.0.1"
source = { registry = "https://pypi.org/simple" }
resolution-markers = [
    "python_full_version < '3.8'",
]
dependencies = [
    { name = "numpy", version = "1.21.6", source = { registry = "https://pypi.org/simple" }, marker = "python_full_version < '3.8'" },
]
sdist = { url = "https://files.pythonhosted.org/packages/c5/68/d3410e975bebbf5be00c1238d0418345d8ec5d88b7a6c102211a1c967edd/pyarrow-12.0.1.tar.gz", hash = "sha256:cce317fc96e5b71107bf1f9f184d5e54e2bd14bbf3f9a3d62819961f0af86fec", size = 1015259 }
wheels = [
    { url = "https://files.pythonhosted.org/packages/13/2f/a42dbdf34528c70bbd5736a968631e3c8c2f911aea89f9c49f6f834e83b5/pyarrow-12.0.1-cp310-cp310-macosx_10_14_x86_64.whl", hash = "sha256:6d288029a94a9bb5407ceebdd7110ba398a00412c5b0155ee9813a40d246c5df", size = 24731979 },
    { url = "https://files.pythonhosted.org/packages/64/05/76bcbea6903957c6467f99fcc6aaf07ac5ea675c02e75881719949801335/pyarrow-12.0.1-cp310-cp310-macosx_11_0_arm64.whl", hash = "sha256:345e1828efdbd9aa4d4de7d5676778aba384a2c3add896d995b23d368e60e5af", size = 22646475 },
    { url = "https://files.pythonhosted.org/packages/60/94/e56483c49ae2acee47af880ab4e0af7749811a0142a584d45543957ee1b3/pyarrow-12.0.1-cp310-cp310-manylinux_2_17_aarch64.manylinux2014_aarch64.whl", hash = "sha256:8d6009fdf8986332b2169314da482baed47ac053311c8934ac6651e614deacd6", size = 36386496 },
    { url = "https://files.pythonhosted.org/packages/0d/c8/886acfcce7cb2f7552f538d2b6deafd4841f3de42902943db15f1b42313d/pyarrow-12.0.1-cp310-cp310-manylinux_2_17_x86_64.manylinux2014_x86_64.whl", hash = "sha256:2d3c4cbbf81e6dd23fe921bc91dc4619ea3b79bc58ef10bce0f49bdafb103daf", size = 38938438 },
    { url = "https://files.pythonhosted.org/packages/13/68/1bc83fe2de87e2b785c503ef28293b56a4405d632f2b443cf00265b12d90/pyarrow-12.0.1-cp310-cp310-win_amd64.whl", hash = "sha256:cdacf515ec276709ac8042c7d9bd5be83b4f5f39c6c037a17a60d7ebfd92c890", size = 21465027 },
    { url = "https://files.pythonhosted.org/packages/90/1e/fb0177d214a77198083156d750358c0a3ff696c96b329f443ad5513d25b6/pyarrow-12.0.1-cp311-cp311-macosx_10_14_x86_64.whl", hash = "sha256:749be7fd2ff260683f9cc739cb862fb11be376de965a2a8ccbf2693b098db6c7", size = 24687651 },
    { url = "https://files.pythonhosted.org/packages/a7/ca/a34c5dd3393644865b82ac5df66e52311fd4ae2fc073f62b68b8538a0da4/pyarrow-12.0.1-cp311-cp311-macosx_11_0_arm64.whl", hash = "sha256:6895b5fb74289d055c43db3af0de6e16b07586c45763cb5e558d38b86a91e3a7", size = 22601949 },
    { url = "https://files.pythonhosted.org/packages/6a/ba/571de5dc75831b9a0f9e8d23823c1286b5c940588d4d8c87aab535779d53/pyarrow-12.0.1-cp311-cp311-manylinux_2_17_aarch64.manylinux2014_aarch64.whl", hash = "sha256:1887bdae17ec3b4c046fcf19951e71b6a619f39fa674f9881216173566c8f718", size = 36384544 },
    { url = "https://files.pythonhosted.org/packages/c5/52/19832487e6834164c523386a1b047dd5539fcbb876196b6f5619dfdab465/pyarrow-12.0.1-cp311-cp311-manylinux_2_17_x86_64.manylinux2014_x86_64.whl", hash = "sha256:e2c9cb8eeabbadf5fcfc3d1ddea616c7ce893db2ce4dcef0ac13b099ad7ca082", size = 38930218 },
    { url = "https://files.pythonhosted.org/packages/53/98/823deb5d3ff75386d5ab19b90c25b4a3aca01299bb53f217f2cfa954329c/pyarrow-12.0.1-cp311-cp311-win_amd64.whl", hash = "sha256:ce4aebdf412bd0eeb800d8e47db854f9f9f7e2f5a0220440acf219ddfddd4f63", size = 21453804 },
    { url = "https://files.pythonhosted.org/packages/8f/56/10fab8ea743b9bfd954d8648e715e1a947d7e131858d9670f83770626059/pyarrow-12.0.1-cp37-cp37m-macosx_10_14_x86_64.whl", hash = "sha256:e0d8730c7f6e893f6db5d5b86eda42c0a130842d101992b581e2138e4d5663d3", size = 24707735 },
    { url = "https://files.pythonhosted.org/packages/cf/e2/94791e4cbb8cb16d5c99d016003746fab9d97f127342ba6b817bf639c767/pyarrow-12.0.1-cp37-cp37m-manylinux_2_17_aarch64.manylinux2014_aarch64.whl", hash = "sha256:43364daec02f69fec89d2315f7fbfbeec956e0d991cbbef471681bd77875c40f", size = 36561574 },
    { url = "https://files.pythonhosted.org/packages/00/bd/4c03789f723337723670e8cf8935b18e170e7af3813ec38e71d2cfb0bd93/pyarrow-12.0.1-cp37-cp37m-manylinux_2_17_x86_64.manylinux2014_x86_64.whl", hash = "sha256:051f9f5ccf585f12d7de836e50965b3c235542cc896959320d9776ab93f3b33d", size = 39110664 },
    { url = "https://files.pythonhosted.org/packages/0b/82/7f70296eb5167bc3bcee96a1460315af109affd7fef43e750c8ee4aac17c/pyarrow-12.0.1-cp37-cp37m-win_amd64.whl", hash = "sha256:be2757e9275875d2a9c6e6052ac7957fbbfc7bc7370e4a036a9b893e96fedaba", size = 21471413 },
    { url = "https://files.pythonhosted.org/packages/75/a2/87fe24ab2c6efc6ad2335a2fc6bc33363fc70f67f18a3c18c494a4783aa2/pyarrow-12.0.1-cp38-cp38-macosx_10_14_x86_64.whl", hash = "sha256:cf812306d66f40f69e684300f7af5111c11f6e0d89d6b733e05a3de44961529d", size = 24719478 },
    { url = "https://files.pythonhosted.org/packages/01/7c/427358d04bfcb217a165911bfada09e2d1e74fed04e40eb02c0c317ed2c4/pyarrow-12.0.1-cp38-cp38-macosx_11_0_arm64.whl", hash = "sha256:459a1c0ed2d68671188b2118c63bac91eaef6fc150c77ddd8a583e3c795737bf", size = 22638986 },
    { url = "https://files.pythonhosted.org/packages/25/72/9afe7e2b61482ddc361c796857c19f69b2035ae20deebe0c1a54cb602b21/pyarrow-12.0.1-cp38-cp38-manylinux_2_17_aarch64.manylinux2014_aarch64.whl", hash = "sha256:85e705e33eaf666bbe508a16fd5ba27ca061e177916b7a317ba5a51bee43384c", size = 36490338 },
    { url = "https://files.pythonhosted.org/packages/e1/91/676b6ef5181fd0229ec35477eb94ff55fc5114ebab7a4669db311ddc9385/pyarrow-12.0.1-cp38-cp38-manylinux_2_17_x86_64.manylinux2014_x86_64.whl", hash = "sha256:9120c3eb2b1f6f516a3b7a9714ed860882d9ef98c4b17edcdc91d95b7528db60", size = 39043549 },
    { url = "https://files.pythonhosted.org/packages/af/cd/9674a609185bb9197b2dc25e8e61e1f4a2531f0754f43e4d3790f885707e/pyarrow-12.0.1-cp38-cp38-win_amd64.whl", hash = "sha256:c780f4dc40460015d80fcd6a6140de80b615349ed68ef9adb653fe351778c9b3", size = 21517590 },
    { url = "https://files.pythonhosted.org/packages/25/33/8fa80189ea3ea7ac0b35b33e715de0466a0ec5064abb07a5b7ab5fe4f6fe/pyarrow-12.0.1-cp39-cp39-macosx_10_14_x86_64.whl", hash = "sha256:a3c63124fc26bf5f95f508f5d04e1ece8cc23a8b0af2a1e6ab2b1ec3fdc91b24", size = 24770513 },
    { url = "https://files.pythonhosted.org/packages/a7/fd/a1488faf625a86b2ebf83bb977e48d9514785edfe438d4dbccf6e527bcc8/pyarrow-12.0.1-cp39-cp39-macosx_11_0_arm64.whl", hash = "sha256:b13329f79fa4472324f8d32dc1b1216616d09bd1e77cfb13104dec5463632c36", size = 22676028 },
    { url = "https://files.pythonhosted.org/packages/8b/14/dbda2f416906090824e5b58134ebef504065798bbcc98c929ce712be80ed/pyarrow-12.0.1-cp39-cp39-manylinux_2_17_aarch64.manylinux2014_aarch64.whl", hash = "sha256:bb656150d3d12ec1396f6dde542db1675a95c0cc8366d507347b0beed96e87ca", size = 36430612 },
    { url = "https://files.pythonhosted.org/packages/54/a2/5976df95323c4ca2b7baba31cb7a2a61a17461706043239d38a8e9dc281e/pyarrow-12.0.1-cp39-cp39-manylinux_2_17_x86_64.manylinux2014_x86_64.whl", hash = "sha256:6251e38470da97a5b2e00de5c6a049149f7b2bd62f12fa5dbb9ac674119ba71a", size = 38983701 },
    { url = "https://files.pythonhosted.org/packages/dc/45/31441c988329afed625a791a7d78f1cf2fcb40dcc86a1d61e081287516a8/pyarrow-12.0.1-cp39-cp39-win_amd64.whl", hash = "sha256:3de26da901216149ce086920547dfff5cd22818c9eab67ebc41e863a5883bac7", size = 21511440 },
]

[[package]]
name = "pyarrow"
version = "17.0.0"
source = { registry = "https://pypi.org/simple" }
resolution-markers = [
    "python_full_version == '3.8.*'",
]
dependencies = [
    { name = "numpy", version = "1.24.4", source = { registry = "https://pypi.org/simple" }, marker = "python_full_version == '3.8.*'" },
]
sdist = { url = "https://files.pythonhosted.org/packages/27/4e/ea6d43f324169f8aec0e57569443a38bab4b398d09769ca64f7b4d467de3/pyarrow-17.0.0.tar.gz", hash = "sha256:4beca9521ed2c0921c1023e68d097d0299b62c362639ea315572a58f3f50fd28", size = 1112479 }
wheels = [
    { url = "https://files.pythonhosted.org/packages/39/5d/78d4b040bc5ff2fc6c3d03e80fca396b742f6c125b8af06bcf7427f931bc/pyarrow-17.0.0-cp310-cp310-macosx_10_15_x86_64.whl", hash = "sha256:a5c8b238d47e48812ee577ee20c9a2779e6a5904f1708ae240f53ecbee7c9f07", size = 28994846 },
    { url = "https://files.pythonhosted.org/packages/3b/73/8ed168db7642e91180330e4ea9f3ff8bab404678f00d32d7df0871a4933b/pyarrow-17.0.0-cp310-cp310-macosx_11_0_arm64.whl", hash = "sha256:db023dc4c6cae1015de9e198d41250688383c3f9af8f565370ab2b4cb5f62655", size = 27165908 },
    { url = "https://files.pythonhosted.org/packages/81/36/e78c24be99242063f6d0590ef68c857ea07bdea470242c361e9a15bd57a4/pyarrow-17.0.0-cp310-cp310-manylinux_2_17_aarch64.manylinux2014_aarch64.whl", hash = "sha256:da1e060b3876faa11cee287839f9cc7cdc00649f475714b8680a05fd9071d545", size = 39264209 },
    { url = "https://files.pythonhosted.org/packages/18/4c/3db637d7578f683b0a8fb8999b436bdbedd6e3517bd4f90c70853cf3ad20/pyarrow-17.0.0-cp310-cp310-manylinux_2_17_x86_64.manylinux2014_x86_64.whl", hash = "sha256:75c06d4624c0ad6674364bb46ef38c3132768139ddec1c56582dbac54f2663e2", size = 39862883 },
    { url = "https://files.pythonhosted.org/packages/81/3c/0580626896c842614a523e66b351181ed5bb14e5dfc263cd68cea2c46d90/pyarrow-17.0.0-cp310-cp310-manylinux_2_28_aarch64.whl", hash = "sha256:fa3c246cc58cb5a4a5cb407a18f193354ea47dd0648194e6265bd24177982fe8", size = 38723009 },
    { url = "https://files.pythonhosted.org/packages/ee/fb/c1b47f0ada36d856a352da261a44d7344d8f22e2f7db3945f8c3b81be5dd/pyarrow-17.0.0-cp310-cp310-manylinux_2_28_x86_64.whl", hash = "sha256:f7ae2de664e0b158d1607699a16a488de3d008ba99b3a7aa5de1cbc13574d047", size = 39855626 },
    { url = "https://files.pythonhosted.org/packages/19/09/b0a02908180a25d57312ab5919069c39fddf30602568980419f4b02393f6/pyarrow-17.0.0-cp310-cp310-win_amd64.whl", hash = "sha256:5984f416552eea15fd9cee03da53542bf4cddaef5afecefb9aa8d1010c335087", size = 25147242 },
    { url = "https://files.pythonhosted.org/packages/f9/46/ce89f87c2936f5bb9d879473b9663ce7a4b1f4359acc2f0eb39865eaa1af/pyarrow-17.0.0-cp311-cp311-macosx_10_15_x86_64.whl", hash = "sha256:1c8856e2ef09eb87ecf937104aacfa0708f22dfeb039c363ec99735190ffb977", size = 29028748 },
    { url = "https://files.pythonhosted.org/packages/8d/8e/ce2e9b2146de422f6638333c01903140e9ada244a2a477918a368306c64c/pyarrow-17.0.0-cp311-cp311-macosx_11_0_arm64.whl", hash = "sha256:2e19f569567efcbbd42084e87f948778eb371d308e137a0f97afe19bb860ccb3", size = 27190965 },
    { url = "https://files.pythonhosted.org/packages/3b/c8/5675719570eb1acd809481c6d64e2136ffb340bc387f4ca62dce79516cea/pyarrow-17.0.0-cp311-cp311-manylinux_2_17_aarch64.manylinux2014_aarch64.whl", hash = "sha256:6b244dc8e08a23b3e352899a006a26ae7b4d0da7bb636872fa8f5884e70acf15", size = 39269081 },
    { url = "https://files.pythonhosted.org/packages/5e/78/3931194f16ab681ebb87ad252e7b8d2c8b23dad49706cadc865dff4a1dd3/pyarrow-17.0.0-cp311-cp311-manylinux_2_17_x86_64.manylinux2014_x86_64.whl", hash = "sha256:0b72e87fe3e1db343995562f7fff8aee354b55ee83d13afba65400c178ab2597", size = 39864921 },
    { url = "https://files.pythonhosted.org/packages/d8/81/69b6606093363f55a2a574c018901c40952d4e902e670656d18213c71ad7/pyarrow-17.0.0-cp311-cp311-manylinux_2_28_aarch64.whl", hash = "sha256:dc5c31c37409dfbc5d014047817cb4ccd8c1ea25d19576acf1a001fe07f5b420", size = 38740798 },
    { url = "https://files.pythonhosted.org/packages/4c/21/9ca93b84b92ef927814cb7ba37f0774a484c849d58f0b692b16af8eebcfb/pyarrow-17.0.0-cp311-cp311-manylinux_2_28_x86_64.whl", hash = "sha256:e3343cb1e88bc2ea605986d4b94948716edc7a8d14afd4e2c097232f729758b4", size = 39871877 },
    { url = "https://files.pythonhosted.org/packages/30/d1/63a7c248432c71c7d3ee803e706590a0b81ce1a8d2b2ae49677774b813bb/pyarrow-17.0.0-cp311-cp311-win_amd64.whl", hash = "sha256:a27532c38f3de9eb3e90ecab63dfda948a8ca859a66e3a47f5f42d1e403c4d03", size = 25151089 },
    { url = "https://files.pythonhosted.org/packages/d4/62/ce6ac1275a432b4a27c55fe96c58147f111d8ba1ad800a112d31859fae2f/pyarrow-17.0.0-cp312-cp312-macosx_10_15_x86_64.whl", hash = "sha256:9b8a823cea605221e61f34859dcc03207e52e409ccf6354634143e23af7c8d22", size = 29019418 },
    { url = "https://files.pythonhosted.org/packages/8e/0a/dbd0c134e7a0c30bea439675cc120012337202e5fac7163ba839aa3691d2/pyarrow-17.0.0-cp312-cp312-macosx_11_0_arm64.whl", hash = "sha256:f1e70de6cb5790a50b01d2b686d54aaf73da01266850b05e3af2a1bc89e16053", size = 27152197 },
    { url = "https://files.pythonhosted.org/packages/cb/05/3f4a16498349db79090767620d6dc23c1ec0c658a668d61d76b87706c65d/pyarrow-17.0.0-cp312-cp312-manylinux_2_17_aarch64.manylinux2014_aarch64.whl", hash = "sha256:0071ce35788c6f9077ff9ecba4858108eebe2ea5a3f7cf2cf55ebc1dbc6ee24a", size = 39263026 },
    { url = "https://files.pythonhosted.org/packages/c2/0c/ea2107236740be8fa0e0d4a293a095c9f43546a2465bb7df34eee9126b09/pyarrow-17.0.0-cp312-cp312-manylinux_2_17_x86_64.manylinux2014_x86_64.whl", hash = "sha256:757074882f844411fcca735e39aae74248a1531367a7c80799b4266390ae51cc", size = 39880798 },
    { url = "https://files.pythonhosted.org/packages/f6/b0/b9164a8bc495083c10c281cc65064553ec87b7537d6f742a89d5953a2a3e/pyarrow-17.0.0-cp312-cp312-manylinux_2_28_aarch64.whl", hash = "sha256:9ba11c4f16976e89146781a83833df7f82077cdab7dc6232c897789343f7891a", size = 38715172 },
    { url = "https://files.pythonhosted.org/packages/f1/c4/9625418a1413005e486c006e56675334929fad864347c5ae7c1b2e7fe639/pyarrow-17.0.0-cp312-cp312-manylinux_2_28_x86_64.whl", hash = "sha256:b0c6ac301093b42d34410b187bba560b17c0330f64907bfa4f7f7f2444b0cf9b", size = 39874508 },
    { url = "https://files.pythonhosted.org/packages/ae/49/baafe2a964f663413be3bd1cf5c45ed98c5e42e804e2328e18f4570027c1/pyarrow-17.0.0-cp312-cp312-win_amd64.whl", hash = "sha256:392bc9feabc647338e6c89267635e111d71edad5fcffba204425a7c8d13610d7", size = 25099235 },
    { url = "https://files.pythonhosted.org/packages/8d/bd/8f52c1d7b430260f80a349cffa2df351750a737b5336313d56dcadeb9ae1/pyarrow-17.0.0-cp38-cp38-macosx_10_15_x86_64.whl", hash = "sha256:af5ff82a04b2171415f1410cff7ebb79861afc5dae50be73ce06d6e870615204", size = 28999345 },
    { url = "https://files.pythonhosted.org/packages/64/d9/51e35550f2f18b8815a2ab25948f735434db32000c0e91eba3a32634782a/pyarrow-17.0.0-cp38-cp38-macosx_11_0_arm64.whl", hash = "sha256:edca18eaca89cd6382dfbcff3dd2d87633433043650c07375d095cd3517561d8", size = 27168441 },
    { url = "https://files.pythonhosted.org/packages/18/d8/7161d87d07ea51be70c49f615004c1446d5723622a18b2681f7e4b71bf6e/pyarrow-17.0.0-cp38-cp38-manylinux_2_17_aarch64.manylinux2014_aarch64.whl", hash = "sha256:7c7916bff914ac5d4a8fe25b7a25e432ff921e72f6f2b7547d1e325c1ad9d155", size = 39363163 },
    { url = "https://files.pythonhosted.org/packages/3f/08/bc497130789833de09e345e3ce4647e3ce86517c4f70f2144f0367ca378b/pyarrow-17.0.0-cp38-cp38-manylinux_2_17_x86_64.manylinux2014_x86_64.whl", hash = "sha256:f553ca691b9e94b202ff741bdd40f6ccb70cdd5fbf65c187af132f1317de6145", size = 39965253 },
    { url = "https://files.pythonhosted.org/packages/d3/2e/493dd7db889402b4c7871ca7dfdd20f2c5deedbff802d3eb8576359930f9/pyarrow-17.0.0-cp38-cp38-manylinux_2_28_aarch64.whl", hash = "sha256:0cdb0e627c86c373205a2f94a510ac4376fdc523f8bb36beab2e7f204416163c", size = 38805378 },
    { url = "https://files.pythonhosted.org/packages/e6/c1/4c6bcdf7a820034aa91a8b4d25fef38809be79b42ca7aaa16d4680b0bbac/pyarrow-17.0.0-cp38-cp38-manylinux_2_28_x86_64.whl", hash = "sha256:d7d192305d9d8bc9082d10f361fc70a73590a4c65cf31c3e6926cd72b76bc35c", size = 39958364 },
    { url = "https://files.pythonhosted.org/packages/d1/db/42ac644453cfdfc60fe002b46d647fe7a6dfad753ef7b28e99b4c936ad5d/pyarrow-17.0.0-cp38-cp38-win_amd64.whl", hash = "sha256:02dae06ce212d8b3244dd3e7d12d9c4d3046945a5933d28026598e9dbbda1fca", size = 25229211 },
    { url = "https://files.pythonhosted.org/packages/43/e0/a898096d35be240aa61fb2d54db58b86d664b10e1e51256f9300f47565e8/pyarrow-17.0.0-cp39-cp39-macosx_10_15_x86_64.whl", hash = "sha256:13d7a460b412f31e4c0efa1148e1d29bdf18ad1411eb6757d38f8fbdcc8645fb", size = 29007881 },
    { url = "https://files.pythonhosted.org/packages/59/22/f7d14907ed0697b5dd488d393129f2738629fa5bcba863e00931b7975946/pyarrow-17.0.0-cp39-cp39-macosx_11_0_arm64.whl", hash = "sha256:9b564a51fbccfab5a04a80453e5ac6c9954a9c5ef2890d1bcf63741909c3f8df", size = 27178117 },
    { url = "https://files.pythonhosted.org/packages/bf/ee/661211feac0ed48467b1d5c57298c91403809ec3ab78b1d175e1d6ad03cf/pyarrow-17.0.0-cp39-cp39-manylinux_2_17_aarch64.manylinux2014_aarch64.whl", hash = "sha256:32503827abbc5aadedfa235f5ece8c4f8f8b0a3cf01066bc8d29de7539532687", size = 39273896 },
    { url = "https://files.pythonhosted.org/packages/af/61/bcd9b58e38ead6ad42b9ed00da33a3f862bc1d445e3d3164799c25550ac2/pyarrow-17.0.0-cp39-cp39-manylinux_2_17_x86_64.manylinux2014_x86_64.whl", hash = "sha256:a155acc7f154b9ffcc85497509bcd0d43efb80d6f733b0dc3bb14e281f131c8b", size = 39875438 },
    { url = "https://files.pythonhosted.org/packages/75/63/29d1bfcc57af73cde3fc3baccab2f37548de512dbe0ab294b033cd203516/pyarrow-17.0.0-cp39-cp39-manylinux_2_28_aarch64.whl", hash = "sha256:dec8d129254d0188a49f8a1fc99e0560dc1b85f60af729f47de4046015f9b0a5", size = 38735092 },
    { url = "https://files.pythonhosted.org/packages/39/f4/90258b4de753df7cc61cefb0312f8abcf226672e96cc64996e66afce817a/pyarrow-17.0.0-cp39-cp39-manylinux_2_28_x86_64.whl", hash = "sha256:a48ddf5c3c6a6c505904545c25a4ae13646ae1f8ba703c4df4a1bfe4f4006bda", size = 39867610 },
    { url = "https://files.pythonhosted.org/packages/e7/f6/b75d4816c32f1618ed31a005ee635dd1d91d8164495d94f2ea092f594661/pyarrow-17.0.0-cp39-cp39-win_amd64.whl", hash = "sha256:42bf93249a083aca230ba7e2786c5f673507fa97bbd9725a1e2754715151a204", size = 25148611 },
]

[[package]]
name = "pyarrow"
version = "19.0.1"
source = { registry = "https://pypi.org/simple" }
resolution-markers = [
    "python_full_version >= '3.9'",
]
sdist = { url = "https://files.pythonhosted.org/packages/7f/09/a9046344212690f0632b9c709f9bf18506522feb333c894d0de81d62341a/pyarrow-19.0.1.tar.gz", hash = "sha256:3bf266b485df66a400f282ac0b6d1b500b9d2ae73314a153dbe97d6d5cc8a99e", size = 1129437 }
wheels = [
    { url = "https://files.pythonhosted.org/packages/36/01/b23b514d86b839956238d3f8ef206fd2728eee87ff1b8ce150a5678d9721/pyarrow-19.0.1-cp310-cp310-macosx_12_0_arm64.whl", hash = "sha256:fc28912a2dc924dddc2087679cc8b7263accc71b9ff025a1362b004711661a69", size = 30688914 },
    { url = "https://files.pythonhosted.org/packages/c6/68/218ff7cf4a0652a933e5f2ed11274f724dd43b9813cb18dd72c0a35226a2/pyarrow-19.0.1-cp310-cp310-macosx_12_0_x86_64.whl", hash = "sha256:fca15aabbe9b8355800d923cc2e82c8ef514af321e18b437c3d782aa884eaeec", size = 32102866 },
    { url = "https://files.pythonhosted.org/packages/98/01/c295050d183014f4a2eb796d7d2bbfa04b6cccde7258bb68aacf6f18779b/pyarrow-19.0.1-cp310-cp310-manylinux_2_17_aarch64.manylinux2014_aarch64.whl", hash = "sha256:ad76aef7f5f7e4a757fddcdcf010a8290958f09e3470ea458c80d26f4316ae89", size = 41147682 },
    { url = "https://files.pythonhosted.org/packages/40/17/a6c3db0b5f3678f33bbb552d2acbc16def67f89a72955b67b0109af23eb0/pyarrow-19.0.1-cp310-cp310-manylinux_2_17_x86_64.manylinux2014_x86_64.whl", hash = "sha256:d03c9d6f2a3dffbd62671ca070f13fc527bb1867b4ec2b98c7eeed381d4f389a", size = 42179192 },
    { url = "https://files.pythonhosted.org/packages/cf/75/c7c8e599300d8cebb6cb339014800e1c720c9db2a3fcb66aa64ec84bac72/pyarrow-19.0.1-cp310-cp310-manylinux_2_28_aarch64.whl", hash = "sha256:65cf9feebab489b19cdfcfe4aa82f62147218558d8d3f0fc1e9dea0ab8e7905a", size = 40517272 },
    { url = "https://files.pythonhosted.org/packages/ef/c9/68ab123ee1528699c4d5055f645ecd1dd68ff93e4699527249d02f55afeb/pyarrow-19.0.1-cp310-cp310-manylinux_2_28_x86_64.whl", hash = "sha256:41f9706fbe505e0abc10e84bf3a906a1338905cbbcf1177b71486b03e6ea6608", size = 42069036 },
    { url = "https://files.pythonhosted.org/packages/54/e3/d5cfd7654084e6c0d9c3ce949e5d9e0ccad569ae1e2d5a68a3ec03b2be89/pyarrow-19.0.1-cp310-cp310-win_amd64.whl", hash = "sha256:c6cb2335a411b713fdf1e82a752162f72d4a7b5dbc588e32aa18383318b05866", size = 25277951 },
    { url = "https://files.pythonhosted.org/packages/a0/55/f1a8d838ec07fe3ca53edbe76f782df7b9aafd4417080eebf0b42aab0c52/pyarrow-19.0.1-cp311-cp311-macosx_12_0_arm64.whl", hash = "sha256:cc55d71898ea30dc95900297d191377caba257612f384207fe9f8293b5850f90", size = 30713987 },
    { url = "https://files.pythonhosted.org/packages/13/12/428861540bb54c98a140ae858a11f71d041ef9e501e6b7eb965ca7909505/pyarrow-19.0.1-cp311-cp311-macosx_12_0_x86_64.whl", hash = "sha256:7a544ec12de66769612b2d6988c36adc96fb9767ecc8ee0a4d270b10b1c51e00", size = 32135613 },
    { url = "https://files.pythonhosted.org/packages/2f/8a/23d7cc5ae2066c6c736bce1db8ea7bc9ac3ef97ac7e1c1667706c764d2d9/pyarrow-19.0.1-cp311-cp311-manylinux_2_17_aarch64.manylinux2014_aarch64.whl", hash = "sha256:0148bb4fc158bfbc3d6dfe5001d93ebeed253793fff4435167f6ce1dc4bddeae", size = 41149147 },
    { url = "https://files.pythonhosted.org/packages/a2/7a/845d151bb81a892dfb368bf11db584cf8b216963ccce40a5cf50a2492a18/pyarrow-19.0.1-cp311-cp311-manylinux_2_17_x86_64.manylinux2014_x86_64.whl", hash = "sha256:f24faab6ed18f216a37870d8c5623f9c044566d75ec586ef884e13a02a9d62c5", size = 42178045 },
    { url = "https://files.pythonhosted.org/packages/a7/31/e7282d79a70816132cf6cae7e378adfccce9ae10352d21c2fecf9d9756dd/pyarrow-19.0.1-cp311-cp311-manylinux_2_28_aarch64.whl", hash = "sha256:4982f8e2b7afd6dae8608d70ba5bd91699077323f812a0448d8b7abdff6cb5d3", size = 40532998 },
    { url = "https://files.pythonhosted.org/packages/b8/82/20f3c290d6e705e2ee9c1fa1d5a0869365ee477e1788073d8b548da8b64c/pyarrow-19.0.1-cp311-cp311-manylinux_2_28_x86_64.whl", hash = "sha256:49a3aecb62c1be1d822f8bf629226d4a96418228a42f5b40835c1f10d42e4db6", size = 42084055 },
    { url = "https://files.pythonhosted.org/packages/ff/77/e62aebd343238863f2c9f080ad2ef6ace25c919c6ab383436b5b81cbeef7/pyarrow-19.0.1-cp311-cp311-win_amd64.whl", hash = "sha256:008a4009efdb4ea3d2e18f05cd31f9d43c388aad29c636112c2966605ba33466", size = 25283133 },
    { url = "https://files.pythonhosted.org/packages/78/b4/94e828704b050e723f67d67c3535cf7076c7432cd4cf046e4bb3b96a9c9d/pyarrow-19.0.1-cp312-cp312-macosx_12_0_arm64.whl", hash = "sha256:80b2ad2b193e7d19e81008a96e313fbd53157945c7be9ac65f44f8937a55427b", size = 30670749 },
    { url = "https://files.pythonhosted.org/packages/7e/3b/4692965e04bb1df55e2c314c4296f1eb12b4f3052d4cf43d29e076aedf66/pyarrow-19.0.1-cp312-cp312-macosx_12_0_x86_64.whl", hash = "sha256:ee8dec072569f43835932a3b10c55973593abc00936c202707a4ad06af7cb294", size = 32128007 },
    { url = "https://files.pythonhosted.org/packages/22/f7/2239af706252c6582a5635c35caa17cb4d401cd74a87821ef702e3888957/pyarrow-19.0.1-cp312-cp312-manylinux_2_17_aarch64.manylinux2014_aarch64.whl", hash = "sha256:4d5d1ec7ec5324b98887bdc006f4d2ce534e10e60f7ad995e7875ffa0ff9cb14", size = 41144566 },
    { url = "https://files.pythonhosted.org/packages/fb/e3/c9661b2b2849cfefddd9fd65b64e093594b231b472de08ff658f76c732b2/pyarrow-19.0.1-cp312-cp312-manylinux_2_17_x86_64.manylinux2014_x86_64.whl", hash = "sha256:f3ad4c0eb4e2a9aeb990af6c09e6fa0b195c8c0e7b272ecc8d4d2b6574809d34", size = 42202991 },
    { url = "https://files.pythonhosted.org/packages/fe/4f/a2c0ed309167ef436674782dfee4a124570ba64299c551e38d3fdaf0a17b/pyarrow-19.0.1-cp312-cp312-manylinux_2_28_aarch64.whl", hash = "sha256:d383591f3dcbe545f6cc62daaef9c7cdfe0dff0fb9e1c8121101cabe9098cfa6", size = 40507986 },
    { url = "https://files.pythonhosted.org/packages/27/2e/29bb28a7102a6f71026a9d70d1d61df926887e36ec797f2e6acfd2dd3867/pyarrow-19.0.1-cp312-cp312-manylinux_2_28_x86_64.whl", hash = "sha256:b4c4156a625f1e35d6c0b2132635a237708944eb41df5fbe7d50f20d20c17832", size = 42087026 },
    { url = "https://files.pythonhosted.org/packages/16/33/2a67c0f783251106aeeee516f4806161e7b481f7d744d0d643d2f30230a5/pyarrow-19.0.1-cp312-cp312-win_amd64.whl", hash = "sha256:5bd1618ae5e5476b7654c7b55a6364ae87686d4724538c24185bbb2952679960", size = 25250108 },
    { url = "https://files.pythonhosted.org/packages/2b/8d/275c58d4b00781bd36579501a259eacc5c6dfb369be4ddeb672ceb551d2d/pyarrow-19.0.1-cp313-cp313-macosx_12_0_arm64.whl", hash = "sha256:e45274b20e524ae5c39d7fc1ca2aa923aab494776d2d4b316b49ec7572ca324c", size = 30653552 },
    { url = "https://files.pythonhosted.org/packages/a0/9e/e6aca5cc4ef0c7aec5f8db93feb0bde08dbad8c56b9014216205d271101b/pyarrow-19.0.1-cp313-cp313-macosx_12_0_x86_64.whl", hash = "sha256:d9dedeaf19097a143ed6da37f04f4051aba353c95ef507764d344229b2b740ae", size = 32103413 },
    { url = "https://files.pythonhosted.org/packages/6a/fa/a7033f66e5d4f1308c7eb0dfcd2ccd70f881724eb6fd1776657fdf65458f/pyarrow-19.0.1-cp313-cp313-manylinux_2_17_aarch64.manylinux2014_aarch64.whl", hash = "sha256:6ebfb5171bb5f4a52319344ebbbecc731af3f021e49318c74f33d520d31ae0c4", size = 41134869 },
    { url = "https://files.pythonhosted.org/packages/2d/92/34d2569be8e7abdc9d145c98dc410db0071ac579b92ebc30da35f500d630/pyarrow-19.0.1-cp313-cp313-manylinux_2_17_x86_64.manylinux2014_x86_64.whl", hash = "sha256:f2a21d39fbdb948857f67eacb5bbaaf36802de044ec36fbef7a1c8f0dd3a4ab2", size = 42192626 },
    { url = "https://files.pythonhosted.org/packages/0a/1f/80c617b1084fc833804dc3309aa9d8daacd46f9ec8d736df733f15aebe2c/pyarrow-19.0.1-cp313-cp313-manylinux_2_28_aarch64.whl", hash = "sha256:99bc1bec6d234359743b01e70d4310d0ab240c3d6b0da7e2a93663b0158616f6", size = 40496708 },
    { url = "https://files.pythonhosted.org/packages/e6/90/83698fcecf939a611c8d9a78e38e7fed7792dcc4317e29e72cf8135526fb/pyarrow-19.0.1-cp313-cp313-manylinux_2_28_x86_64.whl", hash = "sha256:1b93ef2c93e77c442c979b0d596af45e4665d8b96da598db145b0fec014b9136", size = 42075728 },
    { url = "https://files.pythonhosted.org/packages/40/49/2325f5c9e7a1c125c01ba0c509d400b152c972a47958768e4e35e04d13d8/pyarrow-19.0.1-cp313-cp313-win_amd64.whl", hash = "sha256:d9d46e06846a41ba906ab25302cf0fd522f81aa2a85a71021826f34639ad31ef", size = 25242568 },
    { url = "https://files.pythonhosted.org/packages/3f/72/135088d995a759d4d916ec4824cb19e066585b4909ebad4ab196177aa825/pyarrow-19.0.1-cp313-cp313t-macosx_12_0_arm64.whl", hash = "sha256:c0fe3dbbf054a00d1f162fda94ce236a899ca01123a798c561ba307ca38af5f0", size = 30702371 },
    { url = "https://files.pythonhosted.org/packages/2e/01/00beeebd33d6bac701f20816a29d2018eba463616bbc07397fdf99ac4ce3/pyarrow-19.0.1-cp313-cp313t-macosx_12_0_x86_64.whl", hash = "sha256:96606c3ba57944d128e8a8399da4812f56c7f61de8c647e3470b417f795d0ef9", size = 32116046 },
    { url = "https://files.pythonhosted.org/packages/1f/c9/23b1ea718dfe967cbd986d16cf2a31fe59d015874258baae16d7ea0ccabc/pyarrow-19.0.1-cp313-cp313t-manylinux_2_17_aarch64.manylinux2014_aarch64.whl", hash = "sha256:8f04d49a6b64cf24719c080b3c2029a3a5b16417fd5fd7c4041f94233af732f3", size = 41091183 },
    { url = "https://files.pythonhosted.org/packages/3a/d4/b4a3aa781a2c715520aa8ab4fe2e7fa49d33a1d4e71c8fc6ab7b5de7a3f8/pyarrow-19.0.1-cp313-cp313t-manylinux_2_17_x86_64.manylinux2014_x86_64.whl", hash = "sha256:5a9137cf7e1640dce4c190551ee69d478f7121b5c6f323553b319cac936395f6", size = 42171896 },
    { url = "https://files.pythonhosted.org/packages/23/1b/716d4cd5a3cbc387c6e6745d2704c4b46654ba2668260d25c402626c5ddb/pyarrow-19.0.1-cp313-cp313t-manylinux_2_28_aarch64.whl", hash = "sha256:7c1bca1897c28013db5e4c83944a2ab53231f541b9e0c3f4791206d0c0de389a", size = 40464851 },
    { url = "https://files.pythonhosted.org/packages/ed/bd/54907846383dcc7ee28772d7e646f6c34276a17da740002a5cefe90f04f7/pyarrow-19.0.1-cp313-cp313t-manylinux_2_28_x86_64.whl", hash = "sha256:58d9397b2e273ef76264b45531e9d552d8ec8a6688b7390b5be44c02a37aade8", size = 42085744 },
    { url = "https://files.pythonhosted.org/packages/16/26/0ec396ebe98adefaffc0fff8e0dc14c8912e61093226284cf4b76faffd22/pyarrow-19.0.1-cp39-cp39-macosx_12_0_arm64.whl", hash = "sha256:b9766a47a9cb56fefe95cb27f535038b5a195707a08bf61b180e642324963b46", size = 30701112 },
    { url = "https://files.pythonhosted.org/packages/ba/10/c35d96686bf7f13e55bb87f06fe06e7d95533c271ef7f9a5a76e26b16fc2/pyarrow-19.0.1-cp39-cp39-macosx_12_0_x86_64.whl", hash = "sha256:6c5941c1aac89a6c2f2b16cd64fe76bcdb94b2b1e99ca6459de4e6f07638d755", size = 32117180 },
    { url = "https://files.pythonhosted.org/packages/8c/0d/81881a55302b6847ea2ea187517faa039c219d80b55050904e354c2eddde/pyarrow-19.0.1-cp39-cp39-manylinux_2_17_aarch64.manylinux2014_aarch64.whl", hash = "sha256:fd44d66093a239358d07c42a91eebf5015aa54fccba959db899f932218ac9cc8", size = 41161334 },
    { url = "https://files.pythonhosted.org/packages/af/17/ea60a07ec6f6bb0740f11715e0d22ab8fdfcc94bc729832321f498370d75/pyarrow-19.0.1-cp39-cp39-manylinux_2_17_x86_64.manylinux2014_x86_64.whl", hash = "sha256:335d170e050bcc7da867a1ed8ffb8b44c57aaa6e0843b156a501298657b1e972", size = 42190375 },
    { url = "https://files.pythonhosted.org/packages/f2/87/4ef05a088b18082cde4950bdfca752dd31effb3ec201b8026e4816d0f3fa/pyarrow-19.0.1-cp39-cp39-manylinux_2_28_aarch64.whl", hash = "sha256:1c7556165bd38cf0cd992df2636f8bcdd2d4b26916c6b7e646101aff3c16f76f", size = 40530649 },
    { url = "https://files.pythonhosted.org/packages/59/1e/9fb9a66a64eae4ff332a8f149d803d8c6c556714803d20d54ed2e9524a3b/pyarrow-19.0.1-cp39-cp39-manylinux_2_28_x86_64.whl", hash = "sha256:699799f9c80bebcf1da0983ba86d7f289c5a2a5c04b945e2f2bcf7e874a91911", size = 42081576 },
    { url = "https://files.pythonhosted.org/packages/1b/ee/c110d8da8bdde8e832ccf1ff90be747cb684874e2dc8acf26840058b0c32/pyarrow-19.0.1-cp39-cp39-win_amd64.whl", hash = "sha256:8464c9fbe6d94a7fe1599e7e8965f350fd233532868232ab2596a71586c5a429", size = 25465593 },
]
